// !$*UTF8*$!
{
	archiveVersion = 1;
	classes = {
	};
	objectVersion = 46;
	objects = {

/* Begin PBXBuildFile section */
		E42516D01F0FD81400D166ED /* UIImage+DYAdditions.m in Sources */ = {isa = PBXBuildFile; fileRef = E42516CF1F0FD81400D166ED /* UIImage+DYAdditions.m */; };
		E42516D61F0FD97E00D166ED /* UIButton+DYAdditions.m in Sources */ = {isa = PBXBuildFile; fileRef = E42516D51F0FD97E00D166ED /* UIButton+DYAdditions.m */; };
		E42516D91F0FDF2200D166ED /* UIImageView+Additions.m in Sources */ = {isa = PBXBuildFile; fileRef = E42516D81F0FDF2200D166ED /* UIImageView+Additions.m */; };
		E42516DC1F0FE0BD00D166ED /* UILabel+Additions.m in Sources */ = {isa = PBXBuildFile; fileRef = E42516DB1F0FE0BD00D166ED /* UILabel+Additions.m */; };
		E42516DF1F0FE52800D166ED /* UIScrollView+DYAdditions.m in Sources */ = {isa = PBXBuildFile; fileRef = E42516DE1F0FE52800D166ED /* UIScrollView+DYAdditions.m */; };
		E42516E91F0FE69300D166ED /* NSArray+Additions.m in Sources */ = {isa = PBXBuildFile; fileRef = E42516E81F0FE69300D166ED /* NSArray+Additions.m */; };
		E42516EC1F0FE76A00D166ED /* NSData+DYAdditions.m in Sources */ = {isa = PBXBuildFile; fileRef = E42516EB1F0FE76A00D166ED /* NSData+DYAdditions.m */; };
		E42516EF1F0FE8CE00D166ED /* NSDate+DYAdditions.m in Sources */ = {isa = PBXBuildFile; fileRef = E42516EE1F0FE8CE00D166ED /* NSDate+DYAdditions.m */; };
		E42516F21F0FEA1300D166ED /* Accelerate.framework in Frameworks */ = {isa = PBXBuildFile; fileRef = E42516F11F0FEA1300D166ED /* Accelerate.framework */; };
		E42516F41F0FEA1A00D166ED /* CoreFoundation.framework in Frameworks */ = {isa = PBXBuildFile; fileRef = E42516F31F0FEA1A00D166ED /* CoreFoundation.framework */; };
		E42516F61F0FEA2100D166ED /* CoreImage.framework in Frameworks */ = {isa = PBXBuildFile; fileRef = E42516F51F0FEA2100D166ED /* CoreImage.framework */; };
		E42516F81F0FEA2500D166ED /* CoreText.framework in Frameworks */ = {isa = PBXBuildFile; fileRef = E42516F71F0FEA2500D166ED /* CoreText.framework */; };
		E42516FA1F0FEA2B00D166ED /* UIKit.framework in Frameworks */ = {isa = PBXBuildFile; fileRef = E42516F91F0FEA2B00D166ED /* UIKit.framework */; };
		E42516FC1F0FEA3200D166ED /* QuartzCore.framework in Frameworks */ = {isa = PBXBuildFile; fileRef = E42516FB1F0FEA3200D166ED /* QuartzCore.framework */; };
		E42516FF1F0FEDB400D166ED /* NSDictionary+DYAdditions.m in Sources */ = {isa = PBXBuildFile; fileRef = E42516FE1F0FEDB400D166ED /* NSDictionary+DYAdditions.m */; };
		E4296CB31F20582800D88E34 /* NSString+Regex.m in Sources */ = {isa = PBXBuildFile; fileRef = E4296CB21F20582700D88E34 /* NSString+Regex.m */; };
		E45D9A9F1F272C4C000C3C0D /* NSString+Encrypt.m in Sources */ = {isa = PBXBuildFile; fileRef = E45D9A9E1F272C4C000C3C0D /* NSString+Encrypt.m */; };
		E49A90981F0F76E50001F426 /* DYUtilities.m in Sources */ = {isa = PBXBuildFile; fileRef = E49A90971F0F76E50001F426 /* DYUtilities.m */; };
		E4B939B41F0894D500994915 /* UIView+Snapshot.m in Sources */ = {isa = PBXBuildFile; fileRef = E4B939B31F0894D500994915 /* UIView+Snapshot.m */; };
		E4B939B71F0896E600994915 /* UIView+Shadow.m in Sources */ = {isa = PBXBuildFile; fileRef = E4B939B61F0896E600994915 /* UIView+Shadow.m */; };
		E4B939BA1F0897D700994915 /* UIView+CoordinatesTransform.m in Sources */ = {isa = PBXBuildFile; fileRef = E4B939B91F0897D700994915 /* UIView+CoordinatesTransform.m */; };
		E4B939BD1F089A1D00994915 /* UIView+Animation.m in Sources */ = {isa = PBXBuildFile; fileRef = E4B939BC1F089A1D00994915 /* UIView+Animation.m */; };
		E4B939C11F08E7B400994915 /* UIApplication+Sanbox.m in Sources */ = {isa = PBXBuildFile; fileRef = E4B939C01F08E7B400994915 /* UIApplication+Sanbox.m */; };
		E4B939C41F08EAAD00994915 /* UIApplication+Preference.m in Sources */ = {isa = PBXBuildFile; fileRef = E4B939C31F08EAAD00994915 /* UIApplication+Preference.m */; };
		E4B939C81F08EE7D00994915 /* UIDevice+Infomation.m in Sources */ = {isa = PBXBuildFile; fileRef = E4B939C71F08EE7D00994915 /* UIDevice+Infomation.m */; };
		E4CB55621EFD099D000B5A76 /* main.m in Sources */ = {isa = PBXBuildFile; fileRef = E4CB55611EFD099D000B5A76 /* main.m */; };
		E4CB55651EFD099D000B5A76 /* AppDelegate.m in Sources */ = {isa = PBXBuildFile; fileRef = E4CB55641EFD099D000B5A76 /* AppDelegate.m */; };
		E4CB55681EFD099D000B5A76 /* ViewController.m in Sources */ = {isa = PBXBuildFile; fileRef = E4CB55671EFD099D000B5A76 /* ViewController.m */; };
		E4CB556B1EFD099D000B5A76 /* Main.storyboard in Resources */ = {isa = PBXBuildFile; fileRef = E4CB55691EFD099D000B5A76 /* Main.storyboard */; };
		E4CB556D1EFD099D000B5A76 /* Assets.xcassets in Resources */ = {isa = PBXBuildFile; fileRef = E4CB556C1EFD099D000B5A76 /* Assets.xcassets */; };
		E4CB55701EFD099D000B5A76 /* LaunchScreen.storyboard in Resources */ = {isa = PBXBuildFile; fileRef = E4CB556E1EFD099D000B5A76 /* LaunchScreen.storyboard */; };
		E4FF73B91F0625C100BF449B /* UIView+Borders.m in Sources */ = {isa = PBXBuildFile; fileRef = E4FF73B21F0625C100BF449B /* UIView+Borders.m */; };
		E4FF73BA1F0625C100BF449B /* UIView+Frame.m in Sources */ = {isa = PBXBuildFile; fileRef = E4FF73B41F0625C100BF449B /* UIView+Frame.m */; };
		E4FF73BB1F0625C100BF449B /* UIView+Hierarchy.m in Sources */ = {isa = PBXBuildFile; fileRef = E4FF73B61F0625C100BF449B /* UIView+Hierarchy.m */; };
		E4FF73BC1F0625C100BF449B /* UIView+Xib.m in Sources */ = {isa = PBXBuildFile; fileRef = E4FF73B81F0625C100BF449B /* UIView+Xib.m */; };
		E4FF73E91F0640E800BF449B /* UIView+Toast.m in Sources */ = {isa = PBXBuildFile; fileRef = E4FF73E81F0640E800BF449B /* UIView+Toast.m */; };
/* End PBXBuildFile section */

/* Begin PBXFileReference section */
		E42516CE1F0FD81400D166ED /* UIImage+DYAdditions.h */ = {isa = PBXFileReference; fileEncoding = 4; lastKnownFileType = sourcecode.c.h; path = "UIImage+DYAdditions.h"; sourceTree = "<group>"; };
		E42516CF1F0FD81400D166ED /* UIImage+DYAdditions.m */ = {isa = PBXFileReference; fileEncoding = 4; lastKnownFileType = sourcecode.c.objc; path = "UIImage+DYAdditions.m"; sourceTree = "<group>"; };
		E42516D41F0FD97E00D166ED /* UIButton+DYAdditions.h */ = {isa = PBXFileReference; fileEncoding = 4; lastKnownFileType = sourcecode.c.h; path = "UIButton+DYAdditions.h"; sourceTree = "<group>"; };
		E42516D51F0FD97E00D166ED /* UIButton+DYAdditions.m */ = {isa = PBXFileReference; fileEncoding = 4; lastKnownFileType = sourcecode.c.objc; path = "UIButton+DYAdditions.m"; sourceTree = "<group>"; };
		E42516D71F0FDF2200D166ED /* UIImageView+Additions.h */ = {isa = PBXFileReference; fileEncoding = 4; lastKnownFileType = sourcecode.c.h; path = "UIImageView+Additions.h"; sourceTree = "<group>"; };
		E42516D81F0FDF2200D166ED /* UIImageView+Additions.m */ = {isa = PBXFileReference; fileEncoding = 4; lastKnownFileType = sourcecode.c.objc; path = "UIImageView+Additions.m"; sourceTree = "<group>"; };
		E42516DA1F0FE0BD00D166ED /* UILabel+Additions.h */ = {isa = PBXFileReference; fileEncoding = 4; lastKnownFileType = sourcecode.c.h; path = "UILabel+Additions.h"; sourceTree = "<group>"; };
		E42516DB1F0FE0BD00D166ED /* UILabel+Additions.m */ = {isa = PBXFileReference; fileEncoding = 4; lastKnownFileType = sourcecode.c.objc; path = "UILabel+Additions.m"; sourceTree = "<group>"; };
		E42516DD1F0FE52800D166ED /* UIScrollView+DYAdditions.h */ = {isa = PBXFileReference; fileEncoding = 4; lastKnownFileType = sourcecode.c.h; path = "UIScrollView+DYAdditions.h"; sourceTree = "<group>"; };
		E42516DE1F0FE52800D166ED /* UIScrollView+DYAdditions.m */ = {isa = PBXFileReference; fileEncoding = 4; lastKnownFileType = sourcecode.c.objc; path = "UIScrollView+DYAdditions.m"; sourceTree = "<group>"; };
		E42516E71F0FE69300D166ED /* NSArray+Additions.h */ = {isa = PBXFileReference; fileEncoding = 4; lastKnownFileType = sourcecode.c.h; path = "NSArray+Additions.h"; sourceTree = "<group>"; };
		E42516E81F0FE69300D166ED /* NSArray+Additions.m */ = {isa = PBXFileReference; fileEncoding = 4; lastKnownFileType = sourcecode.c.objc; path = "NSArray+Additions.m"; sourceTree = "<group>"; };
		E42516EA1F0FE76A00D166ED /* NSData+DYAdditions.h */ = {isa = PBXFileReference; fileEncoding = 4; lastKnownFileType = sourcecode.c.h; path = "NSData+DYAdditions.h"; sourceTree = "<group>"; };
		E42516EB1F0FE76A00D166ED /* NSData+DYAdditions.m */ = {isa = PBXFileReference; fileEncoding = 4; lastKnownFileType = sourcecode.c.objc; path = "NSData+DYAdditions.m"; sourceTree = "<group>"; };
		E42516ED1F0FE8CE00D166ED /* NSDate+DYAdditions.h */ = {isa = PBXFileReference; fileEncoding = 4; lastKnownFileType = sourcecode.c.h; path = "NSDate+DYAdditions.h"; sourceTree = "<group>"; };
		E42516EE1F0FE8CE00D166ED /* NSDate+DYAdditions.m */ = {isa = PBXFileReference; fileEncoding = 4; lastKnownFileType = sourcecode.c.objc; path = "NSDate+DYAdditions.m"; sourceTree = "<group>"; };
		E42516F11F0FEA1300D166ED /* Accelerate.framework */ = {isa = PBXFileReference; lastKnownFileType = wrapper.framework; name = Accelerate.framework; path = System/Library/Frameworks/Accelerate.framework; sourceTree = SDKROOT; };
		E42516F31F0FEA1A00D166ED /* CoreFoundation.framework */ = {isa = PBXFileReference; lastKnownFileType = wrapper.framework; name = CoreFoundation.framework; path = System/Library/Frameworks/CoreFoundation.framework; sourceTree = SDKROOT; };
		E42516F51F0FEA2100D166ED /* CoreImage.framework */ = {isa = PBXFileReference; lastKnownFileType = wrapper.framework; name = CoreImage.framework; path = System/Library/Frameworks/CoreImage.framework; sourceTree = SDKROOT; };
		E42516F71F0FEA2500D166ED /* CoreText.framework */ = {isa = PBXFileReference; lastKnownFileType = wrapper.framework; name = CoreText.framework; path = System/Library/Frameworks/CoreText.framework; sourceTree = SDKROOT; };
		E42516F91F0FEA2B00D166ED /* UIKit.framework */ = {isa = PBXFileReference; lastKnownFileType = wrapper.framework; name = UIKit.framework; path = System/Library/Frameworks/UIKit.framework; sourceTree = SDKROOT; };
		E42516FB1F0FEA3200D166ED /* QuartzCore.framework */ = {isa = PBXFileReference; lastKnownFileType = wrapper.framework; name = QuartzCore.framework; path = System/Library/Frameworks/QuartzCore.framework; sourceTree = SDKROOT; };
		E42516FD1F0FEDB400D166ED /* NSDictionary+DYAdditions.h */ = {isa = PBXFileReference; fileEncoding = 4; lastKnownFileType = sourcecode.c.h; path = "NSDictionary+DYAdditions.h"; sourceTree = "<group>"; };
		E42516FE1F0FEDB400D166ED /* NSDictionary+DYAdditions.m */ = {isa = PBXFileReference; fileEncoding = 4; lastKnownFileType = sourcecode.c.objc; path = "NSDictionary+DYAdditions.m"; sourceTree = "<group>"; };
		E4296CB11F20582700D88E34 /* NSString+Regex.h */ = {isa = PBXFileReference; fileEncoding = 4; lastKnownFileType = sourcecode.c.h; path = "NSString+Regex.h"; sourceTree = "<group>"; };
		E4296CB21F20582700D88E34 /* NSString+Regex.m */ = {isa = PBXFileReference; fileEncoding = 4; lastKnownFileType = sourcecode.c.objc; path = "NSString+Regex.m"; sourceTree = "<group>"; };
		E45D9A9D1F272C4C000C3C0D /* NSString+Encrypt.h */ = {isa = PBXFileReference; fileEncoding = 4; lastKnownFileType = sourcecode.c.h; path = "NSString+Encrypt.h"; sourceTree = "<group>"; };
		E45D9A9E1F272C4C000C3C0D /* NSString+Encrypt.m */ = {isa = PBXFileReference; fileEncoding = 4; lastKnownFileType = sourcecode.c.objc; path = "NSString+Encrypt.m"; sourceTree = "<group>"; };
		E49A90961F0F76E50001F426 /* DYUtilities.h */ = {isa = PBXFileReference; fileEncoding = 4; lastKnownFileType = sourcecode.c.h; path = DYUtilities.h; sourceTree = "<group>"; };
		E49A90971F0F76E50001F426 /* DYUtilities.m */ = {isa = PBXFileReference; fileEncoding = 4; lastKnownFileType = sourcecode.c.objc; path = DYUtilities.m; sourceTree = "<group>"; };
		E4B939B21F0894D500994915 /* UIView+Snapshot.h */ = {isa = PBXFileReference; fileEncoding = 4; lastKnownFileType = sourcecode.c.h; path = "UIView+Snapshot.h"; sourceTree = "<group>"; };
		E4B939B31F0894D500994915 /* UIView+Snapshot.m */ = {isa = PBXFileReference; fileEncoding = 4; lastKnownFileType = sourcecode.c.objc; path = "UIView+Snapshot.m"; sourceTree = "<group>"; };
		E4B939B51F0896E600994915 /* UIView+Shadow.h */ = {isa = PBXFileReference; fileEncoding = 4; lastKnownFileType = sourcecode.c.h; path = "UIView+Shadow.h"; sourceTree = "<group>"; };
		E4B939B61F0896E600994915 /* UIView+Shadow.m */ = {isa = PBXFileReference; fileEncoding = 4; lastKnownFileType = sourcecode.c.objc; path = "UIView+Shadow.m"; sourceTree = "<group>"; };
		E4B939B81F0897D700994915 /* UIView+CoordinatesTransform.h */ = {isa = PBXFileReference; fileEncoding = 4; lastKnownFileType = sourcecode.c.h; path = "UIView+CoordinatesTransform.h"; sourceTree = "<group>"; };
		E4B939B91F0897D700994915 /* UIView+CoordinatesTransform.m */ = {isa = PBXFileReference; fileEncoding = 4; lastKnownFileType = sourcecode.c.objc; path = "UIView+CoordinatesTransform.m"; sourceTree = "<group>"; };
		E4B939BB1F089A1D00994915 /* UIView+Animation.h */ = {isa = PBXFileReference; fileEncoding = 4; lastKnownFileType = sourcecode.c.h; path = "UIView+Animation.h"; sourceTree = "<group>"; };
		E4B939BC1F089A1D00994915 /* UIView+Animation.m */ = {isa = PBXFileReference; fileEncoding = 4; lastKnownFileType = sourcecode.c.objc; path = "UIView+Animation.m"; sourceTree = "<group>"; };
		E4B939BF1F08E7B400994915 /* UIApplication+Sanbox.h */ = {isa = PBXFileReference; fileEncoding = 4; lastKnownFileType = sourcecode.c.h; path = "UIApplication+Sanbox.h"; sourceTree = "<group>"; };
		E4B939C01F08E7B400994915 /* UIApplication+Sanbox.m */ = {isa = PBXFileReference; fileEncoding = 4; lastKnownFileType = sourcecode.c.objc; path = "UIApplication+Sanbox.m"; sourceTree = "<group>"; };
		E4B939C21F08EAAD00994915 /* UIApplication+Preference.h */ = {isa = PBXFileReference; fileEncoding = 4; lastKnownFileType = sourcecode.c.h; path = "UIApplication+Preference.h"; sourceTree = "<group>"; };
		E4B939C31F08EAAD00994915 /* UIApplication+Preference.m */ = {isa = PBXFileReference; fileEncoding = 4; lastKnownFileType = sourcecode.c.objc; path = "UIApplication+Preference.m"; sourceTree = "<group>"; };
		E4B939C61F08EE7D00994915 /* UIDevice+Infomation.h */ = {isa = PBXFileReference; fileEncoding = 4; lastKnownFileType = sourcecode.c.h; path = "UIDevice+Infomation.h"; sourceTree = "<group>"; };
		E4B939C71F08EE7D00994915 /* UIDevice+Infomation.m */ = {isa = PBXFileReference; fileEncoding = 4; lastKnownFileType = sourcecode.c.objc; path = "UIDevice+Infomation.m"; sourceTree = "<group>"; };
		E4CB555D1EFD099D000B5A76 /* DYCategories.app */ = {isa = PBXFileReference; explicitFileType = wrapper.application; includeInIndex = 0; path = DYCategories.app; sourceTree = BUILT_PRODUCTS_DIR; };
		E4CB55611EFD099D000B5A76 /* main.m */ = {isa = PBXFileReference; lastKnownFileType = sourcecode.c.objc; path = main.m; sourceTree = "<group>"; };
		E4CB55631EFD099D000B5A76 /* AppDelegate.h */ = {isa = PBXFileReference; lastKnownFileType = sourcecode.c.h; path = AppDelegate.h; sourceTree = "<group>"; };
		E4CB55641EFD099D000B5A76 /* AppDelegate.m */ = {isa = PBXFileReference; lastKnownFileType = sourcecode.c.objc; path = AppDelegate.m; sourceTree = "<group>"; };
		E4CB55661EFD099D000B5A76 /* ViewController.h */ = {isa = PBXFileReference; lastKnownFileType = sourcecode.c.h; path = ViewController.h; sourceTree = "<group>"; };
		E4CB55671EFD099D000B5A76 /* ViewController.m */ = {isa = PBXFileReference; lastKnownFileType = sourcecode.c.objc; path = ViewController.m; sourceTree = "<group>"; };
		E4CB556A1EFD099D000B5A76 /* Base */ = {isa = PBXFileReference; lastKnownFileType = file.storyboard; name = Base; path = Base.lproj/Main.storyboard; sourceTree = "<group>"; };
		E4CB556C1EFD099D000B5A76 /* Assets.xcassets */ = {isa = PBXFileReference; lastKnownFileType = folder.assetcatalog; path = Assets.xcassets; sourceTree = "<group>"; };
		E4CB556F1EFD099D000B5A76 /* Base */ = {isa = PBXFileReference; lastKnownFileType = file.storyboard; name = Base; path = Base.lproj/LaunchScreen.storyboard; sourceTree = "<group>"; };
		E4CB55711EFD099D000B5A76 /* Info.plist */ = {isa = PBXFileReference; lastKnownFileType = text.plist.xml; path = Info.plist; sourceTree = "<group>"; };
		E4CB557C1EFD1A0A000B5A76 /* DYCategoriesMacro.h */ = {isa = PBXFileReference; lastKnownFileType = sourcecode.c.h; path = DYCategoriesMacro.h; sourceTree = "<group>"; };
		E4FF73B11F0625C100BF449B /* UIView+Borders.h */ = {isa = PBXFileReference; fileEncoding = 4; lastKnownFileType = sourcecode.c.h; path = "UIView+Borders.h"; sourceTree = "<group>"; };
		E4FF73B21F0625C100BF449B /* UIView+Borders.m */ = {isa = PBXFileReference; fileEncoding = 4; lastKnownFileType = sourcecode.c.objc; path = "UIView+Borders.m"; sourceTree = "<group>"; };
		E4FF73B31F0625C100BF449B /* UIView+Frame.h */ = {isa = PBXFileReference; fileEncoding = 4; lastKnownFileType = sourcecode.c.h; path = "UIView+Frame.h"; sourceTree = "<group>"; };
		E4FF73B41F0625C100BF449B /* UIView+Frame.m */ = {isa = PBXFileReference; fileEncoding = 4; lastKnownFileType = sourcecode.c.objc; path = "UIView+Frame.m"; sourceTree = "<group>"; };
		E4FF73B51F0625C100BF449B /* UIView+Hierarchy.h */ = {isa = PBXFileReference; fileEncoding = 4; lastKnownFileType = sourcecode.c.h; path = "UIView+Hierarchy.h"; sourceTree = "<group>"; };
		E4FF73B61F0625C100BF449B /* UIView+Hierarchy.m */ = {isa = PBXFileReference; fileEncoding = 4; lastKnownFileType = sourcecode.c.objc; path = "UIView+Hierarchy.m"; sourceTree = "<group>"; };
		E4FF73B71F0625C100BF449B /* UIView+Xib.h */ = {isa = PBXFileReference; fileEncoding = 4; lastKnownFileType = sourcecode.c.h; path = "UIView+Xib.h"; sourceTree = "<group>"; };
		E4FF73B81F0625C100BF449B /* UIView+Xib.m */ = {isa = PBXFileReference; fileEncoding = 4; lastKnownFileType = sourcecode.c.objc; path = "UIView+Xib.m"; sourceTree = "<group>"; };
		E4FF73E71F0640E800BF449B /* UIView+Toast.h */ = {isa = PBXFileReference; fileEncoding = 4; lastKnownFileType = sourcecode.c.h; path = "UIView+Toast.h"; sourceTree = "<group>"; };
		E4FF73E81F0640E800BF449B /* UIView+Toast.m */ = {isa = PBXFileReference; fileEncoding = 4; lastKnownFileType = sourcecode.c.objc; path = "UIView+Toast.m"; sourceTree = "<group>"; };
/* End PBXFileReference section */

/* Begin PBXFrameworksBuildPhase section */
		E4CB555A1EFD099D000B5A76 /* Frameworks */ = {
			isa = PBXFrameworksBuildPhase;
			buildActionMask = 2147483647;
			files = (
				E42516F41F0FEA1A00D166ED /* CoreFoundation.framework in Frameworks */,
				E42516FC1F0FEA3200D166ED /* QuartzCore.framework in Frameworks */,
				E42516FA1F0FEA2B00D166ED /* UIKit.framework in Frameworks */,
				E42516F81F0FEA2500D166ED /* CoreText.framework in Frameworks */,
				E42516F61F0FEA2100D166ED /* CoreImage.framework in Frameworks */,
				E42516F21F0FEA1300D166ED /* Accelerate.framework in Frameworks */,
			);
			runOnlyForDeploymentPostprocessing = 0;
		};
/* End PBXFrameworksBuildPhase section */

/* Begin PBXGroup section */
		E42516C71F0FD79800D166ED /* UIButton */ = {
			isa = PBXGroup;
			children = (
				E42516D41F0FD97E00D166ED /* UIButton+DYAdditions.h */,
				E42516D51F0FD97E00D166ED /* UIButton+DYAdditions.m */,
			);
			path = UIButton;
			sourceTree = "<group>";
		};
		E42516C81F0FD79800D166ED /* UIImageView */ = {
			isa = PBXGroup;
			children = (
				E42516D71F0FDF2200D166ED /* UIImageView+Additions.h */,
				E42516D81F0FDF2200D166ED /* UIImageView+Additions.m */,
			);
			path = UIImageView;
			sourceTree = "<group>";
		};
		E42516C91F0FD79800D166ED /* UILabel */ = {
			isa = PBXGroup;
			children = (
				E42516DA1F0FE0BD00D166ED /* UILabel+Additions.h */,
				E42516DB1F0FE0BD00D166ED /* UILabel+Additions.m */,
			);
			path = UILabel;
			sourceTree = "<group>";
		};
		E42516CA1F0FD79800D166ED /* UIScrollview */ = {
			isa = PBXGroup;
			children = (
				E42516DD1F0FE52800D166ED /* UIScrollView+DYAdditions.h */,
				E42516DE1F0FE52800D166ED /* UIScrollView+DYAdditions.m */,
			);
			path = UIScrollview;
			sourceTree = "<group>";
		};
		E42516E01F0FE5BF00D166ED /* UIViewController */ = {
			isa = PBXGroup;
			children = (
			);
			path = UIViewController;
			sourceTree = "<group>";
		};
		E42516E11F0FE68400D166ED /* NSArray */ = {
			isa = PBXGroup;
			children = (
				E42516E71F0FE69300D166ED /* NSArray+Additions.h */,
				E42516E81F0FE69300D166ED /* NSArray+Additions.m */,
			);
			path = NSArray;
			sourceTree = "<group>";
		};
		E42516E21F0FE68400D166ED /* NSData */ = {
			isa = PBXGroup;
			children = (
				E42516EA1F0FE76A00D166ED /* NSData+DYAdditions.h */,
				E42516EB1F0FE76A00D166ED /* NSData+DYAdditions.m */,
			);
			path = NSData;
			sourceTree = "<group>";
		};
		E42516E31F0FE68400D166ED /* NSDate */ = {
			isa = PBXGroup;
			children = (
				E42516ED1F0FE8CE00D166ED /* NSDate+DYAdditions.h */,
				E42516EE1F0FE8CE00D166ED /* NSDate+DYAdditions.m */,
			);
			path = NSDate;
			sourceTree = "<group>";
		};
		E42516E41F0FE68400D166ED /* NSDictionary */ = {
			isa = PBXGroup;
			children = (
				E42516FD1F0FEDB400D166ED /* NSDictionary+DYAdditions.h */,
				E42516FE1F0FEDB400D166ED /* NSDictionary+DYAdditions.m */,
			);
			path = NSDictionary;
			sourceTree = "<group>";
		};
		E42516E51F0FE68400D166ED /* NSObject */ = {
			isa = PBXGroup;
			children = (
			);
			path = NSObject;
			sourceTree = "<group>";
		};
		E42516E61F0FE68400D166ED /* NSString */ = {
			isa = PBXGroup;
			children = (
				E4296CB11F20582700D88E34 /* NSString+Regex.h */,
				E4296CB21F20582700D88E34 /* NSString+Regex.m */,
				E45D9A9D1F272C4C000C3C0D /* NSString+Encrypt.h */,
				E45D9A9E1F272C4C000C3C0D /* NSString+Encrypt.m */,
			);
			path = NSString;
			sourceTree = "<group>";
		};
		E42516F01F0FEA1300D166ED /* Frameworks */ = {
			isa = PBXGroup;
			children = (
				E42516FB1F0FEA3200D166ED /* QuartzCore.framework */,
				E42516F91F0FEA2B00D166ED /* UIKit.framework */,
				E42516F71F0FEA2500D166ED /* CoreText.framework */,
				E42516F51F0FEA2100D166ED /* CoreImage.framework */,
				E42516F31F0FEA1A00D166ED /* CoreFoundation.framework */,
				E42516F11F0FEA1300D166ED /* Accelerate.framework */,
			);
			name = Frameworks;
			sourceTree = "<group>";
		};
		E4B939BE1F08E74B00994915 /* UIApplication */ = {
			isa = PBXGroup;
			children = (
				E4B939BF1F08E7B400994915 /* UIApplication+Sanbox.h */,
				E4B939C01F08E7B400994915 /* UIApplication+Sanbox.m */,
				E4B939C21F08EAAD00994915 /* UIApplication+Preference.h */,
				E4B939C31F08EAAD00994915 /* UIApplication+Preference.m */,
			);
			path = UIApplication;
			sourceTree = "<group>";
		};
		E4B939C51F08EE2E00994915 /* UIDevice */ = {
			isa = PBXGroup;
			children = (
				E4B939C61F08EE7D00994915 /* UIDevice+Infomation.h */,
				E4B939C71F08EE7D00994915 /* UIDevice+Infomation.m */,
			);
			path = UIDevice;
			sourceTree = "<group>";
		};
		E4CB55541EFD099D000B5A76 = {
			isa = PBXGroup;
			children = (
				E4CB555F1EFD099D000B5A76 /* DYCategories */,
				E4CB555E1EFD099D000B5A76 /* Products */,
				E42516F01F0FEA1300D166ED /* Frameworks */,
			);
			sourceTree = "<group>";
		};
		E4CB555E1EFD099D000B5A76 /* Products */ = {
			isa = PBXGroup;
			children = (
				E4CB555D1EFD099D000B5A76 /* DYCategories.app */,
			);
			name = Products;
			sourceTree = "<group>";
		};
		E4CB555F1EFD099D000B5A76 /* DYCategories */ = {
			isa = PBXGroup;
			children = (
				E4FF73AF1F0625C100BF449B /* UIKit */,
				E4CB55771EFD09D1000B5A76 /* Foundation */,
				E4CB55631EFD099D000B5A76 /* AppDelegate.h */,
				E4CB55641EFD099D000B5A76 /* AppDelegate.m */,
				E4CB55661EFD099D000B5A76 /* ViewController.h */,
				E4CB55671EFD099D000B5A76 /* ViewController.m */,
				E4CB55691EFD099D000B5A76 /* Main.storyboard */,
				E4CB556C1EFD099D000B5A76 /* Assets.xcassets */,
				E4CB556E1EFD099D000B5A76 /* LaunchScreen.storyboard */,
				E4CB55711EFD099D000B5A76 /* Info.plist */,
				E4CB55601EFD099D000B5A76 /* Supporting Files */,
				E4CB557C1EFD1A0A000B5A76 /* DYCategoriesMacro.h */,
				E49A90961F0F76E50001F426 /* DYUtilities.h */,
				E49A90971F0F76E50001F426 /* DYUtilities.m */,
			);
			path = DYCategories;
			sourceTree = "<group>";
		};
		E4CB55601EFD099D000B5A76 /* Supporting Files */ = {
			isa = PBXGroup;
			children = (
				E4CB55611EFD099D000B5A76 /* main.m */,
			);
			name = "Supporting Files";
			sourceTree = "<group>";
		};
		E4CB55771EFD09D1000B5A76 /* Foundation */ = {
			isa = PBXGroup;
			children = (
				E42516E11F0FE68400D166ED /* NSArray */,
				E42516E21F0FE68400D166ED /* NSData */,
				E42516E31F0FE68400D166ED /* NSDate */,
				E42516E41F0FE68400D166ED /* NSDictionary */,
				E42516E51F0FE68400D166ED /* NSObject */,
				E42516E61F0FE68400D166ED /* NSString */,
			);
			path = Foundation;
			sourceTree = "<group>";
		};
		E4FF73AF1F0625C100BF449B /* UIKit */ = {
			isa = PBXGroup;
			children = (
				E42516E01F0FE5BF00D166ED /* UIViewController */,
				E42516C71F0FD79800D166ED /* UIButton */,
				E42516C81F0FD79800D166ED /* UIImageView */,
				E42516C91F0FD79800D166ED /* UILabel */,
				E42516CA1F0FD79800D166ED /* UIScrollview */,
				E4B939C51F08EE2E00994915 /* UIDevice */,
				E4B939BE1F08E74B00994915 /* UIApplication */,
				E4FF73BD1F0625D800BF449B /* UIImage */,
				E4FF73B01F0625C100BF449B /* UIView */,
			);
			path = UIKit;
			sourceTree = "<group>";
		};
		E4FF73B01F0625C100BF449B /* UIView */ = {
			isa = PBXGroup;
			children = (
				E4FF73B11F0625C100BF449B /* UIView+Borders.h */,
				E4FF73B21F0625C100BF449B /* UIView+Borders.m */,
				E4FF73B31F0625C100BF449B /* UIView+Frame.h */,
				E4FF73B41F0625C100BF449B /* UIView+Frame.m */,
				E4FF73B51F0625C100BF449B /* UIView+Hierarchy.h */,
				E4FF73B61F0625C100BF449B /* UIView+Hierarchy.m */,
				E4FF73B71F0625C100BF449B /* UIView+Xib.h */,
				E4FF73B81F0625C100BF449B /* UIView+Xib.m */,
				E4FF73E71F0640E800BF449B /* UIView+Toast.h */,
				E4FF73E81F0640E800BF449B /* UIView+Toast.m */,
				E4B939B21F0894D500994915 /* UIView+Snapshot.h */,
				E4B939B31F0894D500994915 /* UIView+Snapshot.m */,
				E4B939B51F0896E600994915 /* UIView+Shadow.h */,
				E4B939B61F0896E600994915 /* UIView+Shadow.m */,
				E4B939B81F0897D700994915 /* UIView+CoordinatesTransform.h */,
				E4B939B91F0897D700994915 /* UIView+CoordinatesTransform.m */,
				E4B939BB1F089A1D00994915 /* UIView+Animation.h */,
				E4B939BC1F089A1D00994915 /* UIView+Animation.m */,
			);
			path = UIView;
			sourceTree = "<group>";
		};
		E4FF73BD1F0625D800BF449B /* UIImage */ = {
			isa = PBXGroup;
			children = (
				E42516CE1F0FD81400D166ED /* UIImage+DYAdditions.h */,
				E42516CF1F0FD81400D166ED /* UIImage+DYAdditions.m */,
			);
			path = UIImage;
			sourceTree = "<group>";
		};
/* End PBXGroup section */

/* Begin PBXNativeTarget section */
		E4CB555C1EFD099D000B5A76 /* DYCategories */ = {
			isa = PBXNativeTarget;
			buildConfigurationList = E4CB55741EFD099D000B5A76 /* Build configuration list for PBXNativeTarget "DYCategories" */;
			buildPhases = (
				E4CB55591EFD099D000B5A76 /* Sources */,
				E4CB555A1EFD099D000B5A76 /* Frameworks */,
				E4CB555B1EFD099D000B5A76 /* Resources */,
			);
			buildRules = (
			);
			dependencies = (
			);
			name = DYCategories;
			productName = DYCategories;
			productReference = E4CB555D1EFD099D000B5A76 /* DYCategories.app */;
			productType = "com.apple.product-type.application";
		};
/* End PBXNativeTarget section */

/* Begin PBXProject section */
		E4CB55551EFD099D000B5A76 /* Project object */ = {
			isa = PBXProject;
			attributes = {
				LastUpgradeCheck = 0830;
				ORGANIZATIONNAME = fi.sh;
				TargetAttributes = {
					E4CB555C1EFD099D000B5A76 = {
						CreatedOnToolsVersion = 8.3.2;
						DevelopmentTeam = CW54D86CPT;
						ProvisioningStyle = Automatic;
					};
				};
			};
			buildConfigurationList = E4CB55581EFD099D000B5A76 /* Build configuration list for PBXProject "DYCategories" */;
			compatibilityVersion = "Xcode 3.2";
			developmentRegion = English;
			hasScannedForEncodings = 0;
			knownRegions = (
				en,
				Base,
			);
			mainGroup = E4CB55541EFD099D000B5A76;
			productRefGroup = E4CB555E1EFD099D000B5A76 /* Products */;
			projectDirPath = "";
			projectRoot = "";
			targets = (
				E4CB555C1EFD099D000B5A76 /* DYCategories */,
			);
		};
/* End PBXProject section */

/* Begin PBXResourcesBuildPhase section */
		E4CB555B1EFD099D000B5A76 /* Resources */ = {
			isa = PBXResourcesBuildPhase;
			buildActionMask = 2147483647;
			files = (
				E4CB55701EFD099D000B5A76 /* LaunchScreen.storyboard in Resources */,
				E4CB556D1EFD099D000B5A76 /* Assets.xcassets in Resources */,
				E4CB556B1EFD099D000B5A76 /* Main.storyboard in Resources */,
			);
			runOnlyForDeploymentPostprocessing = 0;
		};
/* End PBXResourcesBuildPhase section */

/* Begin PBXSourcesBuildPhase section */
		E4CB55591EFD099D000B5A76 /* Sources */ = {
			isa = PBXSourcesBuildPhase;
			buildActionMask = 2147483647;
			files = (
				E45D9A9F1F272C4C000C3C0D /* NSString+Encrypt.m in Sources */,
				E4FF73E91F0640E800BF449B /* UIView+Toast.m in Sources */,
				E4FF73B91F0625C100BF449B /* UIView+Borders.m in Sources */,
				E4B939C11F08E7B400994915 /* UIApplication+Sanbox.m in Sources */,
				E4B939B71F0896E600994915 /* UIView+Shadow.m in Sources */,
				E49A90981F0F76E50001F426 /* DYUtilities.m in Sources */,
				E42516D91F0FDF2200D166ED /* UIImageView+Additions.m in Sources */,
				E42516D01F0FD81400D166ED /* UIImage+DYAdditions.m in Sources */,
				E4B939C81F08EE7D00994915 /* UIDevice+Infomation.m in Sources */,
				E4CB55681EFD099D000B5A76 /* ViewController.m in Sources */,
				E42516EC1F0FE76A00D166ED /* NSData+DYAdditions.m in Sources */,
				E4B939C41F08EAAD00994915 /* UIApplication+Preference.m in Sources */,
				E42516DC1F0FE0BD00D166ED /* UILabel+Additions.m in Sources */,
				E4B939B41F0894D500994915 /* UIView+Snapshot.m in Sources */,
				E42516EF1F0FE8CE00D166ED /* NSDate+DYAdditions.m in Sources */,
				E4CB55651EFD099D000B5A76 /* AppDelegate.m in Sources */,
				E42516FF1F0FEDB400D166ED /* NSDictionary+DYAdditions.m in Sources */,
				E4FF73BC1F0625C100BF449B /* UIView+Xib.m in Sources */,
				E4296CB31F20582800D88E34 /* NSString+Regex.m in Sources */,
				E42516D61F0FD97E00D166ED /* UIButton+DYAdditions.m in Sources */,
				E4FF73BA1F0625C100BF449B /* UIView+Frame.m in Sources */,
				E4FF73BB1F0625C100BF449B /* UIView+Hierarchy.m in Sources */,
				E42516DF1F0FE52800D166ED /* UIScrollView+DYAdditions.m in Sources */,
				E42516E91F0FE69300D166ED /* NSArray+Additions.m in Sources */,
				E4B939BD1F089A1D00994915 /* UIView+Animation.m in Sources */,
				E4CB55621EFD099D000B5A76 /* main.m in Sources */,
				E4B939BA1F0897D700994915 /* UIView+CoordinatesTransform.m in Sources */,
			);
			runOnlyForDeploymentPostprocessing = 0;
		};
/* End PBXSourcesBuildPhase section */

/* Begin PBXVariantGroup section */
		E4CB55691EFD099D000B5A76 /* Main.storyboard */ = {
			isa = PBXVariantGroup;
			children = (
				E4CB556A1EFD099D000B5A76 /* Base */,
			);
			name = Main.storyboard;
			sourceTree = "<group>";
		};
		E4CB556E1EFD099D000B5A76 /* LaunchScreen.storyboard */ = {
			isa = PBXVariantGroup;
			children = (
				E4CB556F1EFD099D000B5A76 /* Base */,
			);
			name = LaunchScreen.storyboard;
			sourceTree = "<group>";
		};
/* End PBXVariantGroup section */

/* Begin XCBuildConfiguration section */
		E4CB55721EFD099D000B5A76 /* Debug */ = {
			isa = XCBuildConfiguration;
			buildSettings = {
				ALWAYS_SEARCH_USER_PATHS = NO;
				CLANG_ANALYZER_NONNULL = YES;
				CLANG_ANALYZER_NUMBER_OBJECT_CONVERSION = YES_AGGRESSIVE;
				CLANG_CXX_LANGUAGE_STANDARD = "gnu++0x";
				CLANG_CXX_LIBRARY = "libc++";
				CLANG_ENABLE_MODULES = YES;
				CLANG_ENABLE_OBJC_ARC = YES;
				CLANG_WARN_BOOL_CONVERSION = YES;
				CLANG_WARN_CONSTANT_CONVERSION = YES;
				CLANG_WARN_DIRECT_OBJC_ISA_USAGE = YES_ERROR;
				CLANG_WARN_DOCUMENTATION_COMMENTS = YES;
				CLANG_WARN_EMPTY_BODY = YES;
				CLANG_WARN_ENUM_CONVERSION = YES;
				CLANG_WARN_INFINITE_RECURSION = YES;
				CLANG_WARN_INT_CONVERSION = YES;
				CLANG_WARN_OBJC_ROOT_CLASS = YES_ERROR;
				CLANG_WARN_SUSPICIOUS_MOVE = YES;
				CLANG_WARN_UNREACHABLE_CODE = YES;
				CLANG_WARN__DUPLICATE_METHOD_MATCH = YES;
				"CODE_SIGN_IDENTITY[sdk=iphoneos*]" = "iPhone Developer";
				COPY_PHASE_STRIP = NO;
				DEBUG_INFORMATION_FORMAT = dwarf;
				ENABLE_STRICT_OBJC_MSGSEND = YES;
				ENABLE_TESTABILITY = YES;
				GCC_C_LANGUAGE_STANDARD = gnu99;
				GCC_DYNAMIC_NO_PIC = NO;
				GCC_NO_COMMON_BLOCKS = YES;
				GCC_OPTIMIZATION_LEVEL = 0;
				GCC_PREPROCESSOR_DEFINITIONS = (
					"DEBUG=1",
					"$(inherited)",
				);
				GCC_WARN_64_TO_32_BIT_CONVERSION = YES;
				GCC_WARN_ABOUT_RETURN_TYPE = YES_ERROR;
				GCC_WARN_UNDECLARED_SELECTOR = YES;
				GCC_WARN_UNINITIALIZED_AUTOS = YES_AGGRESSIVE;
				GCC_WARN_UNUSED_FUNCTION = YES;
				GCC_WARN_UNUSED_VARIABLE = YES;
				IPHONEOS_DEPLOYMENT_TARGET = 10.3;
				MTL_ENABLE_DEBUG_INFO = YES;
				ONLY_ACTIVE_ARCH = YES;
				SDKROOT = iphoneos;
				TARGETED_DEVICE_FAMILY = "1,2";
			};
			name = Debug;
		};
		E4CB55731EFD099D000B5A76 /* Release */ = {
			isa = XCBuildConfiguration;
			buildSettings = {
				ALWAYS_SEARCH_USER_PATHS = NO;
				CLANG_ANALYZER_NONNULL = YES;
				CLANG_ANALYZER_NUMBER_OBJECT_CONVERSION = YES_AGGRESSIVE;
				CLANG_CXX_LANGUAGE_STANDARD = "gnu++0x";
				CLANG_CXX_LIBRARY = "libc++";
				CLANG_ENABLE_MODULES = YES;
				CLANG_ENABLE_OBJC_ARC = YES;
				CLANG_WARN_BOOL_CONVERSION = YES;
				CLANG_WARN_CONSTANT_CONVERSION = YES;
				CLANG_WARN_DIRECT_OBJC_ISA_USAGE = YES_ERROR;
				CLANG_WARN_DOCUMENTATION_COMMENTS = YES;
				CLANG_WARN_EMPTY_BODY = YES;
				CLANG_WARN_ENUM_CONVERSION = YES;
				CLANG_WARN_INFINITE_RECURSION = YES;
				CLANG_WARN_INT_CONVERSION = YES;
				CLANG_WARN_OBJC_ROOT_CLASS = YES_ERROR;
				CLANG_WARN_SUSPICIOUS_MOVE = YES;
				CLANG_WARN_UNREACHABLE_CODE = YES;
				CLANG_WARN__DUPLICATE_METHOD_MATCH = YES;
				"CODE_SIGN_IDENTITY[sdk=iphoneos*]" = "iPhone Developer";
				COPY_PHASE_STRIP = NO;
				DEBUG_INFORMATION_FORMAT = "dwarf-with-dsym";
				ENABLE_NS_ASSERTIONS = NO;
				ENABLE_STRICT_OBJC_MSGSEND = YES;
				GCC_C_LANGUAGE_STANDARD = gnu99;
				GCC_NO_COMMON_BLOCKS = YES;
				GCC_WARN_64_TO_32_BIT_CONVERSION = YES;
				GCC_WARN_ABOUT_RETURN_TYPE = YES_ERROR;
				GCC_WARN_UNDECLARED_SELECTOR = YES;
				GCC_WARN_UNINITIALIZED_AUTOS = YES_AGGRESSIVE;
				GCC_WARN_UNUSED_FUNCTION = YES;
				GCC_WARN_UNUSED_VARIABLE = YES;
				IPHONEOS_DEPLOYMENT_TARGET = 10.3;
				MTL_ENABLE_DEBUG_INFO = NO;
				SDKROOT = iphoneos;
				TARGETED_DEVICE_FAMILY = "1,2";
				VALIDATE_PRODUCT = YES;
			};
			name = Release;
		};
		E4CB55751EFD099D000B5A76 /* Debug */ = {
			isa = XCBuildConfiguration;
			buildSettings = {
				ASSETCATALOG_COMPILER_APPICON_NAME = AppIcon;
				DEVELOPMENT_TEAM = CW54D86CPT;
				INFOPLIST_FILE = DYCategories/Info.plist;
				IPHONEOS_DEPLOYMENT_TARGET = 8.0;
				LD_RUNPATH_SEARCH_PATHS = "$(inherited) @executable_path/Frameworks";
				PRODUCT_BUNDLE_IDENTIFIER = com.fi.sh.DYCategories;
				PRODUCT_NAME = "$(TARGET_NAME)";
			};
			name = Debug;
		};
		E4CB55761EFD099D000B5A76 /* Release */ = {
			isa = XCBuildConfiguration;
			buildSettings = {
				ASSETCATALOG_COMPILER_APPICON_NAME = AppIcon;
				DEVELOPMENT_TEAM = CW54D86CPT;
				INFOPLIST_FILE = DYCategories/Info.plist;
				IPHONEOS_DEPLOYMENT_TARGET = 8.0;
				LD_RUNPATH_SEARCH_PATHS = "$(inherited) @executable_path/Frameworks";
				PRODUCT_BUNDLE_IDENTIFIER = com.fi.sh.DYCategories;
				PRODUCT_NAME = "$(TARGET_NAME)";
			};
			name = Release;
		};
/* End XCBuildConfiguration section */

/* Begin XCConfigurationList section */
		E4CB55581EFD099D000B5A76 /* Build configuration list for PBXProject "DYCategories" */ = {
			isa = XCConfigurationList;
			buildConfigurations = (
				E4CB55721EFD099D000B5A76 /* Debug */,
				E4CB55731EFD099D000B5A76 /* Release */,
			);
			defaultConfigurationIsVisible = 0;
			defaultConfigurationName = Release;
		};
		E4CB55741EFD099D000B5A76 /* Build configuration list for PBXNativeTarget "DYCategories" */ = {
			isa = XCConfigurationList;
			buildConfigurations = (
				E4CB55751EFD099D000B5A76 /* Debug */,
				E4CB55761EFD099D000B5A76 /* Release */,
			);
			defaultConfigurationIsVisible = 0;
			defaultConfigurationName = Release;
		};
/* End XCConfigurationList section */
	};
	rootObject = E4CB55551EFD099D000B5A76 /* Project object */;
}
